{
  "version": 4,
  "terraform_version": "1.0.8",
  "serial": 133,
  "lineage": "9fda6d3f-2292-5c45-1213-d2ed540733bb",
  "outputs": {
    "external_ip_address_vm_1": {
      "value": "178.154.206.3",
      "type": "string"
    },
    "external_ip_address_vm_2": {
      "value": "178.154.223.190",
      "type": "string"
    },
    "internal_ip_address_vm_1": {
      "value": "10.10.11.24",
      "type": "string"
    },
    "internal_ip_address_vm_2": {
      "value": "10.10.11.35",
      "type": "string"
    }
  },
  "resources": [
    {
      "mode": "managed",
      "type": "yandex_compute_instance",
      "name": "vm-1",
      "provider": "provider[\"registry.terraform.io/yandex-cloud/yandex\"]",
      "instances": [
        {
          "schema_version": 1,
          "attributes": {
            "allow_stopping_for_update": true,
            "boot_disk": [
              {
                "auto_delete": true,
                "device_name": "fhmc6lu2j8tm8jhpkjpb",
                "disk_id": "fhmc6lu2j8tm8jhpkjpb",
                "initialize_params": [
                  {
                    "description": "",
                    "image_id": "fd8uic3g6hoea6qc52d7",
                    "name": "",
                    "size": 3,
                    "snapshot_id": "",
                    "type": "network-hdd"
                  }
                ],
                "mode": "READ_WRITE"
              }
            ],
            "created_at": "2021-10-09T15:45:51Z",
            "description": "",
            "folder_id": "b1go36ct25tsipj5hm4k",
            "fqdn": "fhmo22s2v4tomm90dush.auto.internal",
            "hostname": "fhmo22s2v4tomm90dush",
            "id": "fhmo22s2v4tomm90dush",
            "labels": null,
            "metadata": {
              "ssh-keys": "ubuntu:ssh-rsa AAAAB3NzaC1yc2EAAAADAQABAAABgQCnly2pvH6Le2Y4z3yAnSd6Vmubk/Fnd0MENLnYVvtTbvxzqt8z7LNRXH/MOgVIc/CJjUaPhAbr3Kd+Tw/I/PdEDMD3Ek5RD4p1asVuQU1nDUfR1syFvuWF+LmPll8NdtNsWzPfdCyw5zwcqM+sjHJAQBwEguRo13O9/0dOp8S7RqJuyjwUHKdGAGnw9mJXqC5tN+nXujLXsPkCuHaYmcoJyQiaVKCknX0PsHOX75ye4v+n9xDS/k4zes37bsVGekG0v8PpqMpeotZAVyAaNcff5LkyVu9N6KYn95h8LXkO8nVJwqQe+ureoAmN0VSwMvAW11s5MFOFJjRxme09Nt+zd5/BIlPyfgSmezPcwXRJB3RnC6wTdJIoCJzK+HMZcZ0a8RwX9uV3CITesgMtAy4qG75DFT4ygoGiCAq4m/LgL7GGqTgu+ZBrROFRac0BrybYUKcFyr+tzixXRcMDDeS3HhMYnflh771XYcQJvAZZxZstCVfraXG789B61OSgEos= fedor@fedor-X756UAM\n"
            },
            "name": "web",
            "network_acceleration_type": "standard",
            "network_interface": [
              {
                "dns_record": [],
                "index": 0,
                "ip_address": "10.10.11.24",
                "ipv4": true,
                "ipv6": false,
                "ipv6_address": "",
                "ipv6_dns_record": [],
                "mac_address": "d0:0d:18:10:b8:2f",
                "nat": true,
                "nat_dns_record": [],
                "nat_ip_address": "178.154.206.3",
                "nat_ip_version": "IPV4",
                "security_group_ids": [],
                "subnet_id": "e9bfdhav215gh3dsi96u"
              }
            ],
            "placement_policy": [
              {
                "placement_group_id": ""
              }
            ],
            "platform_id": "standard-v1",
            "resources": [
              {
                "core_fraction": 5,
                "cores": 2,
                "gpus": 0,
                "memory": 1
              }
            ],
            "scheduling_policy": [
              {
                "preemptible": false
              }
            ],
            "secondary_disk": [],
            "service_account_id": "",
            "status": "running",
            "timeouts": null,
            "zone": "ru-central1-a"
          },
          "sensitive_attributes": [],
          "private": "eyJlMmJmYjczMC1lY2FhLTExZTYtOGY4OC0zNDM2M2JjN2M0YzAiOnsiY3JlYXRlIjozMDAwMDAwMDAwMDAsImRlbGV0ZSI6MzAwMDAwMDAwMDAwLCJ1cGRhdGUiOjMwMDAwMDAwMDAwMH0sInNjaGVtYV92ZXJzaW9uIjoiMSJ9",
          "dependencies": [
            "yandex_vpc_network.network-1",
            "yandex_vpc_subnet.subnet-1"
          ]
        }
      ]
    },
    {
      "mode": "managed",
      "type": "yandex_compute_instance",
      "name": "vm-2",
      "provider": "provider[\"registry.terraform.io/yandex-cloud/yandex\"]",
      "instances": [
        {
          "schema_version": 1,
          "attributes": {
            "allow_stopping_for_update": true,
            "boot_disk": [
              {
                "auto_delete": true,
                "device_name": "fhmecui1gqqg3cs9o00m",
                "disk_id": "fhmecui1gqqg3cs9o00m",
                "initialize_params": [
                  {
                    "description": "",
                    "image_id": "fd8uic3g6hoea6qc52d7",
                    "name": "",
                    "size": 3,
                    "snapshot_id": "",
                    "type": "network-hdd"
                  }
                ],
                "mode": "READ_WRITE"
              }
            ],
            "created_at": "2021-10-09T15:45:51Z",
            "description": "",
            "folder_id": "b1go36ct25tsipj5hm4k",
            "fqdn": "fhmf13667op4oqf58bkc.auto.internal",
            "hostname": "fhmf13667op4oqf58bkc",
            "id": "fhmf13667op4oqf58bkc",
            "labels": null,
            "metadata": {
              "ssh-keys": "ubuntu:ssh-rsa AAAAB3NzaC1yc2EAAAADAQABAAABgQCnly2pvH6Le2Y4z3yAnSd6Vmubk/Fnd0MENLnYVvtTbvxzqt8z7LNRXH/MOgVIc/CJjUaPhAbr3Kd+Tw/I/PdEDMD3Ek5RD4p1asVuQU1nDUfR1syFvuWF+LmPll8NdtNsWzPfdCyw5zwcqM+sjHJAQBwEguRo13O9/0dOp8S7RqJuyjwUHKdGAGnw9mJXqC5tN+nXujLXsPkCuHaYmcoJyQiaVKCknX0PsHOX75ye4v+n9xDS/k4zes37bsVGekG0v8PpqMpeotZAVyAaNcff5LkyVu9N6KYn95h8LXkO8nVJwqQe+ureoAmN0VSwMvAW11s5MFOFJjRxme09Nt+zd5/BIlPyfgSmezPcwXRJB3RnC6wTdJIoCJzK+HMZcZ0a8RwX9uV3CITesgMtAy4qG75DFT4ygoGiCAq4m/LgL7GGqTgu+ZBrROFRac0BrybYUKcFyr+tzixXRcMDDeS3HhMYnflh771XYcQJvAZZxZstCVfraXG789B61OSgEos= fedor@fedor-X756UAM\n"
            },
            "name": "mysql",
            "network_acceleration_type": "standard",
            "network_interface": [
              {
                "dns_record": [],
                "index": 0,
                "ip_address": "10.10.11.35",
                "ipv4": true,
                "ipv6": false,
                "ipv6_address": "",
                "ipv6_dns_record": [],
                "mac_address": "d0:0d:f0:8c:c6:3e",
                "nat": true,
                "nat_dns_record": [],
                "nat_ip_address": "178.154.223.190",
                "nat_ip_version": "IPV4",
                "security_group_ids": [],
                "subnet_id": "e9bfdhav215gh3dsi96u"
              }
            ],
            "placement_policy": [
              {
                "placement_group_id": ""
              }
            ],
            "platform_id": "standard-v1",
            "resources": [
              {
                "core_fraction": 5,
                "cores": 2,
                "gpus": 0,
                "memory": 1
              }
            ],
            "scheduling_policy": [
              {
                "preemptible": false
              }
            ],
            "secondary_disk": [],
            "service_account_id": "",
            "status": "running",
            "timeouts": null,
            "zone": "ru-central1-a"
          },
          "sensitive_attributes": [],
          "private": "eyJlMmJmYjczMC1lY2FhLTExZTYtOGY4OC0zNDM2M2JjN2M0YzAiOnsiY3JlYXRlIjozMDAwMDAwMDAwMDAsImRlbGV0ZSI6MzAwMDAwMDAwMDAwLCJ1cGRhdGUiOjMwMDAwMDAwMDAwMH0sInNjaGVtYV92ZXJzaW9uIjoiMSJ9",
          "dependencies": [
            "yandex_vpc_network.network-1",
            "yandex_vpc_subnet.subnet-1"
          ]
        }
      ]
    },
    {
      "mode": "managed",
      "type": "yandex_vpc_network",
      "name": "network-1",
      "provider": "provider[\"registry.terraform.io/yandex-cloud/yandex\"]",
      "instances": [
        {
          "schema_version": 0,
          "attributes": {
            "created_at": "2021-10-09T15:45:48Z",
            "default_security_group_id": "",
            "description": "",
            "folder_id": "b1go36ct25tsipj5hm4k",
            "id": "enp19qu9ca6mcrv8snam",
            "labels": null,
            "name": "network1",
            "subnet_ids": [],
            "timeouts": null
          },
          "sensitive_attributes": [],
          "private": "eyJlMmJmYjczMC1lY2FhLTExZTYtOGY4OC0zNDM2M2JjN2M0YzAiOnsiY3JlYXRlIjo2MDAwMDAwMDAwMCwiZGVsZXRlIjo2MDAwMDAwMDAwMCwidXBkYXRlIjo2MDAwMDAwMDAwMH19"
        }
      ]
    },
    {
      "mode": "managed",
      "type": "yandex_vpc_subnet",
      "name": "subnet-1",
      "provider": "provider[\"registry.terraform.io/yandex-cloud/yandex\"]",
      "instances": [
        {
          "schema_version": 0,
          "attributes": {
            "created_at": "2021-10-09T15:45:49Z",
            "description": "",
            "dhcp_options": [],
            "folder_id": "b1go36ct25tsipj5hm4k",
            "id": "e9bfdhav215gh3dsi96u",
            "labels": null,
            "name": "subnet-1",
            "network_id": "enp19qu9ca6mcrv8snam",
            "route_table_id": "",
            "timeouts": null,
            "v4_cidr_blocks": [
              "10.10.11.0/24"
            ],
            "v6_cidr_blocks": [],
            "zone": "ru-central1-a"
          },
          "sensitive_attributes": [],
          "private": "eyJlMmJmYjczMC1lY2FhLTExZTYtOGY4OC0zNDM2M2JjN2M0YzAiOnsiY3JlYXRlIjoxODAwMDAwMDAwMDAsImRlbGV0ZSI6MTgwMDAwMDAwMDAwLCJ1cGRhdGUiOjE4MDAwMDAwMDAwMH19",
          "dependencies": [
            "yandex_vpc_network.network-1"
          ]
        }
      ]
    }
  ]
}
